schema: '2.0'
stages:
  prepare@0:
    cmd: "python scripts/prepare_features.py --raw-data-path ../dcp/norm_data/norm_fondium_15_min_data_2023.csv
      --datetime-column new_time --fillna-method ffill --tabular-covariate-columns
      none --time-components time,day_of_week,day_of_year --target-name dla --y-column
      dla_stromverbrauch_kwh --prediction-horizon 12 --lag-columns dla_stromverbrauch_kwh:96
      --output-dir data/interim/dla --data-format feather --log-level info --log-file
      logs/pipeline.log\n"
    deps:
    - path: ../dcp/norm_data/norm_fondium_15_min_data_2023.csv
      hash: md5
      md5: eb8c9dbf528fea5a3334dfae8c6325a7
      size: 7781885
    - path: scripts/prepare_features.py
      hash: md5
      md5: 2d3c4c33cad24cb3b37023b7e1f2faed
      size: 3178
    - path: src/dcp_nf_forecast/
      hash: md5
      md5: dc038636e9897da79633b1030444b3d5.dir
      size: 36235
      nfiles: 8
    params:
      params.yaml:
        data.data_format: feather
        data.datetime_column: new_time
        data.fillna_method: ffill
        data.tabular_covariate_columns: none
        data.time_components: time,day_of_week,day_of_year
        log_file: logs/pipeline.log
        log_level: info
        paths.data_interim: data/interim
        paths.raw_data: ../dcp/norm_data/norm_fondium_15_min_data_2023.csv
        targets:
        - name: dla
          y_column: dla_stromverbrauch_kwh
          prediction_horizon: 12
          lag_columns: dla_stromverbrauch_kwh:96
          eval_model: bernstein_nf
        - name: ofen_g_koks
          y_column: ofen_g_koks_kg
          prediction_horizon: 12
          lag_columns: ofen_g_koks_kg:96
          eval_model: bernstein_nf
        - name: ofen_f_koks
          y_column: ofen_f_koks_kg
          prediction_horizon: 12
          lag_columns: ofen_f_koks_kg:96
          eval_model: bernstein_nf
        - name: pl2
          y_column: pl2_stromverbrauch_kwh
          prediction_horizon: 12
          lag_columns: pl2_stromverbrauch_kwh:96
          eval_model: bernstein_nf
    outs:
    - path: data/interim/dla/X.feather
      hash: md5
      md5: c572367f98c0350d1ed8974d5c49dfa2
      size: 10798866
    - path: data/interim/dla/y.feather
      hash: md5
      md5: b9840c20c86c91ee9c150ad883d43565
      size: 1345794
  prepare@1:
    cmd: "python scripts/prepare_features.py --raw-data-path ../dcp/norm_data/norm_fondium_15_min_data_2023.csv
      --datetime-column new_time --fillna-method ffill --tabular-covariate-columns
      none --time-components time,day_of_week,day_of_year --target-name ofen_g_koks
      --y-column ofen_g_koks_kg --prediction-horizon 12 --lag-columns ofen_g_koks_kg:96
      --output-dir data/interim/ofen_g_koks --data-format feather --log-level info
      --log-file logs/pipeline.log\n"
    deps:
    - path: ../dcp/norm_data/norm_fondium_15_min_data_2023.csv
      hash: md5
      md5: eb8c9dbf528fea5a3334dfae8c6325a7
      size: 7781885
    - path: scripts/prepare_features.py
      hash: md5
      md5: 2d3c4c33cad24cb3b37023b7e1f2faed
      size: 3178
    - path: src/dcp_nf_forecast/
      hash: md5
      md5: dc038636e9897da79633b1030444b3d5.dir
      size: 36235
      nfiles: 8
    params:
      params.yaml:
        data.data_format: feather
        data.datetime_column: new_time
        data.fillna_method: ffill
        data.tabular_covariate_columns: none
        data.time_components: time,day_of_week,day_of_year
        log_file: logs/pipeline.log
        log_level: info
        paths.data_interim: data/interim
        paths.raw_data: ../dcp/norm_data/norm_fondium_15_min_data_2023.csv
        targets:
        - name: dla
          y_column: dla_stromverbrauch_kwh
          prediction_horizon: 12
          lag_columns: dla_stromverbrauch_kwh:96
          eval_model: bernstein_nf
        - name: ofen_g_koks
          y_column: ofen_g_koks_kg
          prediction_horizon: 12
          lag_columns: ofen_g_koks_kg:96
          eval_model: bernstein_nf
        - name: ofen_f_koks
          y_column: ofen_f_koks_kg
          prediction_horizon: 12
          lag_columns: ofen_f_koks_kg:96
          eval_model: bernstein_nf
        - name: pl2
          y_column: pl2_stromverbrauch_kwh
          prediction_horizon: 12
          lag_columns: pl2_stromverbrauch_kwh:96
          eval_model: bernstein_nf
    outs:
    - path: data/interim/ofen_g_koks/X.feather
      hash: md5
      md5: ad0e4bd838b9b5802b6bd568dd0c133e
      size: 19022842
    - path: data/interim/ofen_g_koks/y.feather
      hash: md5
      md5: dabece93d5925475705459861686a6fe
      size: 2375378
  prepare@2:
    cmd: "python scripts/prepare_features.py --raw-data-path ../dcp/norm_data/norm_fondium_15_min_data_2023.csv
      --datetime-column new_time --fillna-method ffill --tabular-covariate-columns
      none --time-components time,day_of_week,day_of_year --target-name ofen_f_koks
      --y-column ofen_f_koks_kg --prediction-horizon 12 --lag-columns ofen_f_koks_kg:96
      --output-dir data/interim/ofen_f_koks --data-format feather --log-level info
      --log-file logs/pipeline.log\n"
    deps:
    - path: ../dcp/norm_data/norm_fondium_15_min_data_2023.csv
      hash: md5
      md5: eb8c9dbf528fea5a3334dfae8c6325a7
      size: 7781885
    - path: scripts/prepare_features.py
      hash: md5
      md5: 2d3c4c33cad24cb3b37023b7e1f2faed
      size: 3178
    - path: src/dcp_nf_forecast/
      hash: md5
      md5: dc038636e9897da79633b1030444b3d5.dir
      size: 36235
      nfiles: 8
    params:
      params.yaml:
        data.data_format: feather
        data.datetime_column: new_time
        data.fillna_method: ffill
        data.tabular_covariate_columns: none
        data.time_components: time,day_of_week,day_of_year
        log_file: logs/pipeline.log
        log_level: info
        paths.data_interim: data/interim
        paths.raw_data: ../dcp/norm_data/norm_fondium_15_min_data_2023.csv
        targets:
        - name: dla
          y_column: dla_stromverbrauch_kwh
          prediction_horizon: 12
          lag_columns: dla_stromverbrauch_kwh:96
          eval_model: bernstein_nf
        - name: ofen_g_koks
          y_column: ofen_g_koks_kg
          prediction_horizon: 12
          lag_columns: ofen_g_koks_kg:96
          eval_model: bernstein_nf
        - name: ofen_f_koks
          y_column: ofen_f_koks_kg
          prediction_horizon: 12
          lag_columns: ofen_f_koks_kg:96
          eval_model: bernstein_nf
        - name: pl2
          y_column: pl2_stromverbrauch_kwh
          prediction_horizon: 12
          lag_columns: pl2_stromverbrauch_kwh:96
          eval_model: bernstein_nf
    outs:
    - path: data/interim/ofen_f_koks/X.feather
      hash: md5
      md5: 16a8d939ee01ad5f80053f47c612dec4
      size: 18230394
    - path: data/interim/ofen_f_koks/y.feather
      hash: md5
      md5: 7235c9f7c483942b0ccf2c830c51db9a
      size: 2276642
  prepare@3:
    cmd: "python scripts/prepare_features.py --raw-data-path ../dcp/norm_data/norm_fondium_15_min_data_2023.csv
      --datetime-column new_time --fillna-method ffill --tabular-covariate-columns
      none --time-components time,day_of_week,day_of_year --target-name pl2 --y-column
      pl2_stromverbrauch_kwh --prediction-horizon 12 --lag-columns pl2_stromverbrauch_kwh:96
      --output-dir data/interim/pl2 --data-format feather --log-level info --log-file
      logs/pipeline.log\n"
    deps:
    - path: ../dcp/norm_data/norm_fondium_15_min_data_2023.csv
      hash: md5
      md5: eb8c9dbf528fea5a3334dfae8c6325a7
      size: 7781885
    - path: scripts/prepare_features.py
      hash: md5
      md5: 2d3c4c33cad24cb3b37023b7e1f2faed
      size: 3178
    - path: src/dcp_nf_forecast/
      hash: md5
      md5: dc038636e9897da79633b1030444b3d5.dir
      size: 36235
      nfiles: 8
    params:
      params.yaml:
        data.data_format: feather
        data.datetime_column: new_time
        data.fillna_method: ffill
        data.tabular_covariate_columns: none
        data.time_components: time,day_of_week,day_of_year
        log_file: logs/pipeline.log
        log_level: info
        paths.data_interim: data/interim
        paths.raw_data: ../dcp/norm_data/norm_fondium_15_min_data_2023.csv
        targets:
        - name: dla
          y_column: dla_stromverbrauch_kwh
          prediction_horizon: 12
          lag_columns: dla_stromverbrauch_kwh:96
          eval_model: bernstein_nf
        - name: ofen_g_koks
          y_column: ofen_g_koks_kg
          prediction_horizon: 12
          lag_columns: ofen_g_koks_kg:96
          eval_model: bernstein_nf
        - name: ofen_f_koks
          y_column: ofen_f_koks_kg
          prediction_horizon: 12
          lag_columns: ofen_f_koks_kg:96
          eval_model: bernstein_nf
        - name: pl2
          y_column: pl2_stromverbrauch_kwh
          prediction_horizon: 12
          lag_columns: pl2_stromverbrauch_kwh:96
          eval_model: bernstein_nf
    outs:
    - path: data/interim/pl2/X.feather
      hash: md5
      md5: b2076641a8e5de5e1a8ee2af60ee495c
      size: 22644906
    - path: data/interim/pl2/y.feather
      hash: md5
      md5: 0b7908184a918ff210556612b4161fb4
      size: 2822194
  split@0:
    cmd: "python scripts/split_data.py --input-dir data/interim/dla --output-dir data/processed/dla
      --train-ratio 0.8 --val-ratio 0.1 --test-ratio 0.1 --data-format feather --log-level
      info --log-file logs/pipeline.log\n"
    deps:
    - path: data/interim/dla/
      hash: md5
      md5: 13e95692360003591c052ab777f931d4.dir
      size: 12144660
      nfiles: 2
    - path: scripts/split_data.py
      hash: md5
      md5: b4cb10fe40d6f986172b27fad8c7202c
      size: 1858
    - path: src/dcp_nf_forecast/
      hash: md5
      md5: dc038636e9897da79633b1030444b3d5.dir
      size: 36235
      nfiles: 8
    params:
      params.yaml:
        data.data_format: feather
        log_file: logs/pipeline.log
        log_level: info
        paths.data_interim: data/interim
        paths.data_processed: data/processed
        splits:
          train: 0.8
          val: 0.1
          test: 0.1
    outs:
    - path: data/processed/dla/X_test.feather
      hash: md5
      md5: 4673c8e174c34c6725d4dad79c175db6
      size: 1182050
    - path: data/processed/dla/X_train.feather
      hash: md5
      md5: c44165498edb81b4b4af571ef34216c4
      size: 8725418
    - path: data/processed/dla/X_val.feather
      hash: md5
      md5: 6845132f720dff2aec301ed9af9e198f
      size: 1250130
    - path: data/processed/dla/y_test.feather
      hash: md5
      md5: 33fd1f841a9c0ae2d73e711c13162fcc
      size: 145714
    - path: data/processed/dla/y_train.feather
      hash: md5
      md5: e2ccd8376b29e17666e583e156ea8ab8
      size: 1088210
    - path: data/processed/dla/y_val.feather
      hash: md5
      md5: 2f086dc3aca6145f46e63d462b53334f
      size: 155018
  split@1:
    cmd: "python scripts/split_data.py --input-dir data/interim/ofen_g_koks --output-dir
      data/processed/ofen_g_koks --train-ratio 0.8 --val-ratio 0.1 --test-ratio 0.1
      --data-format feather --log-level info --log-file logs/pipeline.log\n"
    deps:
    - path: data/interim/ofen_g_koks/
      hash: md5
      md5: 25c6f9b956b463158d62ab5a20361a60.dir
      size: 21398220
      nfiles: 2
    - path: scripts/split_data.py
      hash: md5
      md5: b4cb10fe40d6f986172b27fad8c7202c
      size: 1858
    - path: src/dcp_nf_forecast/
      hash: md5
      md5: dc038636e9897da79633b1030444b3d5.dir
      size: 36235
      nfiles: 8
    params:
      params.yaml:
        data.data_format: feather
        log_file: logs/pipeline.log
        log_level: info
        paths.data_interim: data/interim
        paths.data_processed: data/processed
        splits:
          train: 0.8
          val: 0.1
          test: 0.1
    outs:
    - path: data/processed/ofen_g_koks/X_test.feather
      hash: md5
      md5: aacacc6f45d2c223f19f1e3e5c1681ed
      size: 1266986
    - path: data/processed/ofen_g_koks/X_train.feather
      hash: md5
      md5: e5cadfe92dbbf22da977f655cbb966e1
      size: 15718530
    - path: data/processed/ofen_g_koks/X_val.feather
      hash: md5
      md5: 0cd6439d7fc63f5863c585b700429d36
      size: 2135922
    - path: data/processed/ofen_g_koks/y_test.feather
      hash: md5
      md5: 2ec6987336f6c3ddfa9d119e5cef2d7f
      size: 152602
    - path: data/processed/ofen_g_koks/y_train.feather
      hash: md5
      md5: 2403d54199b5c5790b7fe67df64f92d0
      size: 1967810
    - path: data/processed/ofen_g_koks/y_val.feather
      hash: md5
      md5: ba5c66d8b48b2827efeba50ae39752c7
      size: 266602
  split@2:
    cmd: "python scripts/split_data.py --input-dir data/interim/ofen_f_koks --output-dir
      data/processed/ofen_f_koks --train-ratio 0.8 --val-ratio 0.1 --test-ratio 0.1
      --data-format feather --log-level info --log-file logs/pipeline.log\n"
    deps:
    - path: data/interim/ofen_f_koks/
      hash: md5
      md5: ee8498af6c46bbeba88276ea47e6e939.dir
      size: 20507036
      nfiles: 2
    - path: scripts/split_data.py
      hash: md5
      md5: b4cb10fe40d6f986172b27fad8c7202c
      size: 1858
    - path: src/dcp_nf_forecast/
      hash: md5
      md5: dc038636e9897da79633b1030444b3d5.dir
      size: 36235
      nfiles: 8
    params:
      params.yaml:
        data.data_format: feather
        log_file: logs/pipeline.log
        log_level: info
        paths.data_interim: data/interim
        paths.data_processed: data/processed
        splits:
          train: 0.8
          val: 0.1
          test: 0.1
    outs:
    - path: data/processed/ofen_f_koks/X_test.feather
      hash: md5
      md5: 63c335c0f81e27e5fc51338d9e8502d3
      size: 1203298
    - path: data/processed/ofen_f_koks/X_train.feather
      hash: md5
      md5: 5e721c01afd8f7bc5924bea44d8e4a4f
      size: 15013370
    - path: data/processed/ofen_f_koks/X_val.feather
      hash: md5
      md5: 1175d56a9ca7b0580959d1d6b998c7bf
      size: 2107946
    - path: data/processed/ofen_f_koks/y_test.feather
      hash: md5
      md5: 653bfba621024c2b2c4e70e23f10ddee
      size: 144634
    - path: data/processed/ofen_f_koks/y_train.feather
      hash: md5
      md5: 4f8047cc7a1da4f094cd38aca22781c2
      size: 1879634
    - path: data/processed/ofen_f_koks/y_val.feather
      hash: md5
      md5: 43c13582e9ac15df4d8b23f742d5b8e1
      size: 263146
  split@3:
    cmd: "python scripts/split_data.py --input-dir data/interim/pl2 --output-dir data/processed/pl2
      --train-ratio 0.8 --val-ratio 0.1 --test-ratio 0.1 --data-format feather --log-level
      info --log-file logs/pipeline.log\n"
    deps:
    - path: data/interim/pl2/
      hash: md5
      md5: e157d3224fafcc1db85d601d08ca8169.dir
      size: 25467100
      nfiles: 2
    - path: scripts/split_data.py
      hash: md5
      md5: b4cb10fe40d6f986172b27fad8c7202c
      size: 1858
    - path: src/dcp_nf_forecast/
      hash: md5
      md5: dc038636e9897da79633b1030444b3d5.dir
      size: 36235
      nfiles: 8
    params:
      params.yaml:
        data.data_format: feather
        log_file: logs/pipeline.log
        log_level: info
        paths.data_interim: data/interim
        paths.data_processed: data/processed
        splits:
          train: 0.8
          val: 0.1
          test: 0.1
    outs:
    - path: data/processed/pl2/X_test.feather
      hash: md5
      md5: a964b118e4a69242a7000995ea09c698
      size: 70034
    - path: data/processed/pl2/X_train.feather
      hash: md5
      md5: 8207c50b9de85cc809356b561122fec2
      size: 21086658
    - path: data/processed/pl2/X_val.feather
      hash: md5
      md5: 4d8fcd905225a8051e30b6e8e70dcbdd
      size: 1579210
    - path: data/processed/pl2/y_test.feather
      hash: md5
      md5: e8bac43966294c18577ed22837ac29ab
      size: 7594
    - path: data/processed/pl2/y_train.feather
      hash: md5
      md5: 5e152dd553fc91fdbc89ab47ea19ee02
      size: 2633218
    - path: data/processed/pl2/y_val.feather
      hash: md5
      md5: 4992c0f9d8a2c7f55b7c9ddf6f640376
      size: 190794
  train_bernstein@0:
    cmd: "python scripts/train.py --processed-dir data/processed/dla --target-name
      dla --model bernstein_nf --data-format feather --prediction-horizon 12 --epochs
      5 --early-stopping-patience 15 --test-mode false --test-epochs 1 --test-batch-size
      32 --log-level info --log-file logs/pipeline.log\n"
    deps:
    - path: data/processed/dla/
      hash: md5
      md5: 7f18d8e55de7ec41a4114b43b7a9d782.dir
      size: 12546540
      nfiles: 6
    - path: params/models/dla/bernstein_nf.yaml
      hash: md5
      md5: db8e496fd64f5958f8dfb42141d39283
      size: 113
    - path: scripts/train.py
      hash: md5
      md5: a86afa963369f28aad11826a6245b8dc
      size: 4806
    - path: src/dcp_nf_forecast/
      hash: md5
      md5: dc038636e9897da79633b1030444b3d5.dir
      size: 36235
      nfiles: 8
    params:
      params.yaml:
        data.data_format: feather
        log_file: logs/pipeline.log
        log_level: info
        paths.data_processed: data/processed
        targets:
        - name: dla
          y_column: dla_stromverbrauch_kwh
          prediction_horizon: 12
          lag_columns: dla_stromverbrauch_kwh:96
          eval_model: bernstein_nf
        - name: ofen_g_koks
          y_column: ofen_g_koks_kg
          prediction_horizon: 12
          lag_columns: ofen_g_koks_kg:96
          eval_model: bernstein_nf
        - name: ofen_f_koks
          y_column: ofen_f_koks_kg
          prediction_horizon: 12
          lag_columns: ofen_f_koks_kg:96
          eval_model: bernstein_nf
        - name: pl2
          y_column: pl2_stromverbrauch_kwh
          prediction_horizon: 12
          lag_columns: pl2_stromverbrauch_kwh:96
          eval_model: bernstein_nf
        train.early_stopping_patience: 15
        train.epochs: 5
        train.test_batch_size: 32
        train.test_epochs: 1
        train.test_mode: false
    outs:
    - path: results/dla/bernstein_nf/metrics.yaml
      hash: md5
      md5: e287efa5902b8b38bc9aa5e6ec523f3c
      size: 92
    - path: results/dla/bernstein_nf/model_weights.h5
      hash: md5
      md5: 7fa1632f2e7212b303f5f560b33f0d5b
      size: 683360
  train_bernstein@1:
    cmd: "python scripts/train.py --processed-dir data/processed/ofen_g_koks --target-name
      ofen_g_koks --model bernstein_nf --data-format feather --prediction-horizon
      12 --epochs 5 --early-stopping-patience 15 --test-mode false --test-epochs 1
      --test-batch-size 32 --log-level info --log-file logs/pipeline.log\n"
    deps:
    - path: data/processed/ofen_g_koks/
      hash: md5
      md5: 7fbc29c374cab5c194f30ba237aed55b.dir
      size: 21508452
      nfiles: 6
    - path: params/models/ofen_g_koks/bernstein_nf.yaml
      hash: md5
      md5: db8e496fd64f5958f8dfb42141d39283
      size: 113
    - path: scripts/train.py
      hash: md5
      md5: a86afa963369f28aad11826a6245b8dc
      size: 4806
    - path: src/dcp_nf_forecast/
      hash: md5
      md5: dc038636e9897da79633b1030444b3d5.dir
      size: 36235
      nfiles: 8
    params:
      params.yaml:
        data.data_format: feather
        log_file: logs/pipeline.log
        log_level: info
        paths.data_processed: data/processed
        targets:
        - name: dla
          y_column: dla_stromverbrauch_kwh
          prediction_horizon: 12
          lag_columns: dla_stromverbrauch_kwh:96
          eval_model: bernstein_nf
        - name: ofen_g_koks
          y_column: ofen_g_koks_kg
          prediction_horizon: 12
          lag_columns: ofen_g_koks_kg:96
          eval_model: bernstein_nf
        - name: ofen_f_koks
          y_column: ofen_f_koks_kg
          prediction_horizon: 12
          lag_columns: ofen_f_koks_kg:96
          eval_model: bernstein_nf
        - name: pl2
          y_column: pl2_stromverbrauch_kwh
          prediction_horizon: 12
          lag_columns: pl2_stromverbrauch_kwh:96
          eval_model: bernstein_nf
        train.early_stopping_patience: 15
        train.epochs: 5
        train.test_batch_size: 32
        train.test_epochs: 1
        train.test_mode: false
    outs:
    - path: results/ofen_g_koks/bernstein_nf/metrics.yaml
      hash: md5
      md5: e287efa5902b8b38bc9aa5e6ec523f3c
      size: 92
    - path: results/ofen_g_koks/bernstein_nf/model_weights.h5
      hash: md5
      md5: 8f97cc9ba774252f7dc529318a6b66aa
      size: 683360
  train_bernstein@2:
    cmd: "python scripts/train.py --processed-dir data/processed/ofen_f_koks --target-name
      ofen_f_koks --model bernstein_nf --data-format feather --prediction-horizon
      12 --epochs 5 --early-stopping-patience 15 --test-mode false --test-epochs 1
      --test-batch-size 32 --log-level info --log-file logs/pipeline.log\n"
    deps:
    - path: data/processed/ofen_f_koks/
      hash: md5
      md5: 0743791096c32c3f9441e542288d72e8.dir
      size: 20612028
      nfiles: 6
    - path: params/models/ofen_f_koks/bernstein_nf.yaml
      hash: md5
      md5: db8e496fd64f5958f8dfb42141d39283
      size: 113
    - path: scripts/train.py
      hash: md5
      md5: a86afa963369f28aad11826a6245b8dc
      size: 4806
    - path: src/dcp_nf_forecast/
      hash: md5
      md5: dc038636e9897da79633b1030444b3d5.dir
      size: 36235
      nfiles: 8
    params:
      params.yaml:
        data.data_format: feather
        log_file: logs/pipeline.log
        log_level: info
        paths.data_processed: data/processed
        targets:
        - name: dla
          y_column: dla_stromverbrauch_kwh
          prediction_horizon: 12
          lag_columns: dla_stromverbrauch_kwh:96
          eval_model: bernstein_nf
        - name: ofen_g_koks
          y_column: ofen_g_koks_kg
          prediction_horizon: 12
          lag_columns: ofen_g_koks_kg:96
          eval_model: bernstein_nf
        - name: ofen_f_koks
          y_column: ofen_f_koks_kg
          prediction_horizon: 12
          lag_columns: ofen_f_koks_kg:96
          eval_model: bernstein_nf
        - name: pl2
          y_column: pl2_stromverbrauch_kwh
          prediction_horizon: 12
          lag_columns: pl2_stromverbrauch_kwh:96
          eval_model: bernstein_nf
        train.early_stopping_patience: 15
        train.epochs: 5
        train.test_batch_size: 32
        train.test_epochs: 1
        train.test_mode: false
    outs:
    - path: results/ofen_f_koks/bernstein_nf/metrics.yaml
      hash: md5
      md5: e287efa5902b8b38bc9aa5e6ec523f3c
      size: 92
    - path: results/ofen_f_koks/bernstein_nf/model_weights.h5
      hash: md5
      md5: ee9a40a5ba5ab26117bd4769a89cbd54
      size: 683360
  train_bernstein@3:
    cmd: "python scripts/train.py --processed-dir data/processed/pl2 --target-name
      pl2 --model bernstein_nf --data-format feather --prediction-horizon 12 --epochs
      5 --early-stopping-patience 15 --test-mode false --test-epochs 1 --test-batch-size
      32 --log-level info --log-file logs/pipeline.log\n"
    deps:
    - path: data/processed/pl2/
      hash: md5
      md5: b0c7f7a7748f15538109c9793ecbb15a.dir
      size: 25567508
      nfiles: 6
    - path: params/models/pl2/bernstein_nf.yaml
      hash: md5
      md5: db8e496fd64f5958f8dfb42141d39283
      size: 113
    - path: scripts/train.py
      hash: md5
      md5: a86afa963369f28aad11826a6245b8dc
      size: 4806
    - path: src/dcp_nf_forecast/
      hash: md5
      md5: dc038636e9897da79633b1030444b3d5.dir
      size: 36235
      nfiles: 8
    params:
      params.yaml:
        data.data_format: feather
        log_file: logs/pipeline.log
        log_level: info
        paths.data_processed: data/processed
        targets:
        - name: dla
          y_column: dla_stromverbrauch_kwh
          prediction_horizon: 12
          lag_columns: dla_stromverbrauch_kwh:96
          eval_model: bernstein_nf
        - name: ofen_g_koks
          y_column: ofen_g_koks_kg
          prediction_horizon: 12
          lag_columns: ofen_g_koks_kg:96
          eval_model: bernstein_nf
        - name: ofen_f_koks
          y_column: ofen_f_koks_kg
          prediction_horizon: 12
          lag_columns: ofen_f_koks_kg:96
          eval_model: bernstein_nf
        - name: pl2
          y_column: pl2_stromverbrauch_kwh
          prediction_horizon: 12
          lag_columns: pl2_stromverbrauch_kwh:96
          eval_model: bernstein_nf
        train.early_stopping_patience: 15
        train.epochs: 5
        train.test_batch_size: 32
        train.test_epochs: 1
        train.test_mode: false
    outs:
    - path: results/pl2/bernstein_nf/metrics.yaml
      hash: md5
      md5: e287efa5902b8b38bc9aa5e6ec523f3c
      size: 92
    - path: results/pl2/bernstein_nf/model_weights.h5
      hash: md5
      md5: 0f8d943bf4a8517ddbb541aae8a7b4b4
      size: 683360
  train_spline@0:
    cmd: "python scripts/train.py --processed-dir data/processed/dla --target-name
      dla --model spline_nf --data-format feather --prediction-horizon 12 --epochs
      5 --early-stopping-patience 15 --test-mode false --test-epochs 1 --test-batch-size
      32 --log-level info --log-file logs/pipeline.log\n"
    deps:
    - path: data/processed/dla/
      hash: md5
      md5: b3508eef0a362407249338ca0826cc15.dir
      size: 12631860
      nfiles: 6
    - path: params/models/dla/spline_nf.yaml
      hash: md5
      md5: ea594fabc7c04dbb99cf0cda6c4b51f8
      size: 106
    - path: scripts/train.py
      hash: md5
      md5: a86afa963369f28aad11826a6245b8dc
      size: 4806
    - path: src/dcp_nf_forecast/
      hash: md5
      md5: e3e4184b62069261d6806865018e4f5f.dir
      size: 37741
      nfiles: 8
    params:
      params.yaml:
        data.data_format: feather
        log_file: logs/pipeline.log
        log_level: info
        paths.data_processed: data/processed
        targets:
        - name: dla
          y_column: dla_stromverbrauch_kwh
          prediction_horizon: 12
          lag_columns: dla_stromverbrauch_kwh:96
          eval_model: bernstein_nf
        - name: ofen_g_koks
          y_column: ofen_g_koks_kg
          prediction_horizon: 12
          lag_columns: ofen_g_koks_kg:96
          eval_model: bernstein_nf
        - name: ofen_f_koks
          y_column: ofen_f_koks_kg
          prediction_horizon: 12
          lag_columns: ofen_f_koks_kg:96
          eval_model: bernstein_nf
        - name: pl2
          y_column: pl2_stromverbrauch_kwh
          prediction_horizon: 12
          lag_columns: pl2_stromverbrauch_kwh:96
          eval_model: bernstein_nf
        train.early_stopping_patience: 15
        train.epochs: 5
        train.test_batch_size: 32
        train.test_epochs: 1
        train.test_mode: false
    outs:
    - path: results/dla/spline_nf/metrics.yaml
      hash: md5
      md5: e287efa5902b8b38bc9aa5e6ec523f3c
      size: 92
    - path: results/dla/spline_nf/model_weights.h5
      hash: md5
      md5: 5135f31e0d48611cd5314dec83aa3402
      size: 677168
  train_spline@1:
    cmd: "python scripts/train.py --processed-dir data/processed/ofen_g_koks --target-name
      ofen_g_koks --model spline_nf --data-format feather --prediction-horizon 12
      --epochs 5 --early-stopping-patience 15 --test-mode false --test-epochs 1 --test-batch-size
      32 --log-level info --log-file logs/pipeline.log\n"
    deps:
    - path: data/processed/ofen_g_koks/
      hash: md5
      md5: f39a85979f577c29c3da679b22e4d8e8.dir
      size: 21593772
      nfiles: 6
    - path: params/models/ofen_g_koks/spline_nf.yaml
      hash: md5
      md5: ea594fabc7c04dbb99cf0cda6c4b51f8
      size: 106
    - path: scripts/train.py
      hash: md5
      md5: a86afa963369f28aad11826a6245b8dc
      size: 4806
    - path: src/dcp_nf_forecast/
      hash: md5
      md5: e3e4184b62069261d6806865018e4f5f.dir
      size: 37741
      nfiles: 8
    params:
      params.yaml:
        data.data_format: feather
        log_file: logs/pipeline.log
        log_level: info
        paths.data_processed: data/processed
        targets:
        - name: dla
          y_column: dla_stromverbrauch_kwh
          prediction_horizon: 12
          lag_columns: dla_stromverbrauch_kwh:96
          eval_model: bernstein_nf
        - name: ofen_g_koks
          y_column: ofen_g_koks_kg
          prediction_horizon: 12
          lag_columns: ofen_g_koks_kg:96
          eval_model: bernstein_nf
        - name: ofen_f_koks
          y_column: ofen_f_koks_kg
          prediction_horizon: 12
          lag_columns: ofen_f_koks_kg:96
          eval_model: bernstein_nf
        - name: pl2
          y_column: pl2_stromverbrauch_kwh
          prediction_horizon: 12
          lag_columns: pl2_stromverbrauch_kwh:96
          eval_model: bernstein_nf
        train.early_stopping_patience: 15
        train.epochs: 5
        train.test_batch_size: 32
        train.test_epochs: 1
        train.test_mode: false
    outs:
    - path: results/ofen_g_koks/spline_nf/metrics.yaml
      hash: md5
      md5: e287efa5902b8b38bc9aa5e6ec523f3c
      size: 92
    - path: results/ofen_g_koks/spline_nf/model_weights.h5
      hash: md5
      md5: 80f620125c226b62c5a046a580e80dba
      size: 677168
  train_spline@2:
    cmd: "python scripts/train.py --processed-dir data/processed/ofen_f_koks --target-name
      ofen_f_koks --model spline_nf --data-format feather --prediction-horizon 12
      --epochs 5 --early-stopping-patience 15 --test-mode false --test-epochs 1 --test-batch-size
      32 --log-level info --log-file logs/pipeline.log\n"
    deps:
    - path: data/processed/ofen_f_koks/
      hash: md5
      md5: 1035546674dd829ccd9eff3168aeedb1.dir
      size: 20697348
      nfiles: 6
    - path: params/models/ofen_f_koks/spline_nf.yaml
      hash: md5
      md5: ea594fabc7c04dbb99cf0cda6c4b51f8
      size: 106
    - path: scripts/train.py
      hash: md5
      md5: a86afa963369f28aad11826a6245b8dc
      size: 4806
    - path: src/dcp_nf_forecast/
      hash: md5
      md5: e3e4184b62069261d6806865018e4f5f.dir
      size: 37741
      nfiles: 8
    params:
      params.yaml:
        data.data_format: feather
        log_file: logs/pipeline.log
        log_level: info
        paths.data_processed: data/processed
        targets:
        - name: dla
          y_column: dla_stromverbrauch_kwh
          prediction_horizon: 12
          lag_columns: dla_stromverbrauch_kwh:96
          eval_model: bernstein_nf
        - name: ofen_g_koks
          y_column: ofen_g_koks_kg
          prediction_horizon: 12
          lag_columns: ofen_g_koks_kg:96
          eval_model: bernstein_nf
        - name: ofen_f_koks
          y_column: ofen_f_koks_kg
          prediction_horizon: 12
          lag_columns: ofen_f_koks_kg:96
          eval_model: bernstein_nf
        - name: pl2
          y_column: pl2_stromverbrauch_kwh
          prediction_horizon: 12
          lag_columns: pl2_stromverbrauch_kwh:96
          eval_model: bernstein_nf
        train.early_stopping_patience: 15
        train.epochs: 5
        train.test_batch_size: 32
        train.test_epochs: 1
        train.test_mode: false
    outs:
    - path: results/ofen_f_koks/spline_nf/metrics.yaml
      hash: md5
      md5: e287efa5902b8b38bc9aa5e6ec523f3c
      size: 92
    - path: results/ofen_f_koks/spline_nf/model_weights.h5
      hash: md5
      md5: 09b777a059268261277ce374ea3a55c7
      size: 677168
  train_spline@3:
    cmd: "python scripts/train.py --processed-dir data/processed/pl2 --target-name
      pl2 --model spline_nf --data-format feather --prediction-horizon 12 --epochs
      5 --early-stopping-patience 15 --test-mode false --test-epochs 1 --test-batch-size
      32 --log-level info --log-file logs/pipeline.log\n"
    deps:
    - path: data/processed/pl2/
      hash: md5
      md5: c6bfd4b5636e6ec8934835ac5d4f017b.dir
      size: 25652828
      nfiles: 6
    - path: params/models/pl2/spline_nf.yaml
      hash: md5
      md5: ea594fabc7c04dbb99cf0cda6c4b51f8
      size: 106
    - path: scripts/train.py
      hash: md5
      md5: a86afa963369f28aad11826a6245b8dc
      size: 4806
    - path: src/dcp_nf_forecast/
      hash: md5
      md5: e3e4184b62069261d6806865018e4f5f.dir
      size: 37741
      nfiles: 8
    params:
      params.yaml:
        data.data_format: feather
        log_file: logs/pipeline.log
        log_level: info
        paths.data_processed: data/processed
        targets:
        - name: dla
          y_column: dla_stromverbrauch_kwh
          prediction_horizon: 12
          lag_columns: dla_stromverbrauch_kwh:96
          eval_model: bernstein_nf
        - name: ofen_g_koks
          y_column: ofen_g_koks_kg
          prediction_horizon: 12
          lag_columns: ofen_g_koks_kg:96
          eval_model: bernstein_nf
        - name: ofen_f_koks
          y_column: ofen_f_koks_kg
          prediction_horizon: 12
          lag_columns: ofen_f_koks_kg:96
          eval_model: bernstein_nf
        - name: pl2
          y_column: pl2_stromverbrauch_kwh
          prediction_horizon: 12
          lag_columns: pl2_stromverbrauch_kwh:96
          eval_model: bernstein_nf
        train.early_stopping_patience: 15
        train.epochs: 5
        train.test_batch_size: 32
        train.test_epochs: 1
        train.test_mode: false
    outs:
    - path: results/pl2/spline_nf/metrics.yaml
      hash: md5
      md5: e287efa5902b8b38bc9aa5e6ec523f3c
      size: 92
    - path: results/pl2/spline_nf/model_weights.h5
      hash: md5
      md5: 7011a7962f1b6d60517049257a0dcfff
      size: 677168
  describe@0:
    cmd: "python scripts/describe_data.py --processed-dir data/processed/dla --target-name
      dla --data-format feather --log-level info --log-file logs/pipeline.log\n"
    deps:
    - path: data/processed/dla/
      hash: md5
      md5: 7f18d8e55de7ec41a4114b43b7a9d782.dir
      size: 12546540
      nfiles: 6
    - path: scripts/describe_data.py
      hash: md5
      md5: 861e4eabbae9992e4a391498cea612b2
      size: 8375
    - path: src/dcp_nf_forecast/
      hash: md5
      md5: dc038636e9897da79633b1030444b3d5.dir
      size: 36235
      nfiles: 8
    params:
      params.yaml:
        data.data_format: feather
        log_file: logs/pipeline.log
        log_level: info
        paths.data_processed: data/processed
        targets:
        - name: dla
          y_column: dla_stromverbrauch_kwh
          prediction_horizon: 12
          lag_columns: dla_stromverbrauch_kwh:96
          eval_model: bernstein_nf
        - name: ofen_g_koks
          y_column: ofen_g_koks_kg
          prediction_horizon: 12
          lag_columns: ofen_g_koks_kg:96
          eval_model: bernstein_nf
        - name: ofen_f_koks
          y_column: ofen_f_koks_kg
          prediction_horizon: 12
          lag_columns: ofen_f_koks_kg:96
          eval_model: bernstein_nf
        - name: pl2
          y_column: pl2_stromverbrauch_kwh
          prediction_horizon: 12
          lag_columns: pl2_stromverbrauch_kwh:96
          eval_model: bernstein_nf
    outs:
    - path: results/dla/data_description/correlation_train.pdf
      hash: md5
      md5: 5e25ebf39ce582ed0f77d0b08c378ff4
      size: 28668
    - path: results/dla/data_description/correlation_val.pdf
      hash: md5
      md5: 8b9f08e860c5d0112e0f9f05754e2474
      size: 32203
    - path: results/dla/data_description/histograms_train.pdf
      hash: md5
      md5: d4e03f570bb3117551d292773e88419c
      size: 33484
    - path: results/dla/data_description/histograms_val.pdf
      hash: md5
      md5: de9a661870e156604f16f7d56114bcef
      size: 36988
    - path: results/dla/data_description/statistics_train.yaml
      hash: md5
      md5: b9e27a4f88fe6246131c04ebe097dad1
      size: 15889
    - path: results/dla/data_description/statistics_val.yaml
      hash: md5
      md5: 2cb9635c463229ced99b54d043deae57
      size: 16462
    - path: results/dla/data_description/timeseries_train.pdf
      hash: md5
      md5: 5a36c758688ecf0652ac58a5e9a5e926
      size: 180216
    - path: results/dla/data_description/timeseries_val.pdf
      hash: md5
      md5: fd57a97699c4c385fe8ca84d75b5a6f1
      size: 99142
  describe@1:
    cmd: "python scripts/describe_data.py --processed-dir data/processed/ofen_g_koks
      --target-name ofen_g_koks --data-format feather --log-level info --log-file
      logs/pipeline.log\n"
    deps:
    - path: data/processed/ofen_g_koks/
      hash: md5
      md5: 7fbc29c374cab5c194f30ba237aed55b.dir
      size: 21508452
      nfiles: 6
    - path: scripts/describe_data.py
      hash: md5
      md5: 861e4eabbae9992e4a391498cea612b2
      size: 8375
    - path: src/dcp_nf_forecast/
      hash: md5
      md5: dc038636e9897da79633b1030444b3d5.dir
      size: 36235
      nfiles: 8
    params:
      params.yaml:
        data.data_format: feather
        log_file: logs/pipeline.log
        log_level: info
        paths.data_processed: data/processed
        targets:
        - name: dla
          y_column: dla_stromverbrauch_kwh
          prediction_horizon: 12
          lag_columns: dla_stromverbrauch_kwh:96
          eval_model: bernstein_nf
        - name: ofen_g_koks
          y_column: ofen_g_koks_kg
          prediction_horizon: 12
          lag_columns: ofen_g_koks_kg:96
          eval_model: bernstein_nf
        - name: ofen_f_koks
          y_column: ofen_f_koks_kg
          prediction_horizon: 12
          lag_columns: ofen_f_koks_kg:96
          eval_model: bernstein_nf
        - name: pl2
          y_column: pl2_stromverbrauch_kwh
          prediction_horizon: 12
          lag_columns: pl2_stromverbrauch_kwh:96
          eval_model: bernstein_nf
    outs:
    - path: results/ofen_g_koks/data_description/correlation_train.pdf
      hash: md5
      md5: 62bf1b10d46c34f8380c880f5d3d769c
      size: 32866
    - path: results/ofen_g_koks/data_description/correlation_val.pdf
      hash: md5
      md5: 3b68c531a98c546e17c5e94a00ce90e1
      size: 32499
    - path: results/ofen_g_koks/data_description/histograms_train.pdf
      hash: md5
      md5: fe74ed2c7b4358d2c7090ef1282548bb
      size: 39610
    - path: results/ofen_g_koks/data_description/histograms_val.pdf
      hash: md5
      md5: 83c1e59e42c26378f72ef2e94f41d70b
      size: 39160
    - path: results/ofen_g_koks/data_description/statistics_train.yaml
      hash: md5
      md5: 3cdb64e67dadf15cc0d4204e0162baef
      size: 15389
    - path: results/ofen_g_koks/data_description/statistics_val.yaml
      hash: md5
      md5: 087e8f8c336ac1f2cc939f1320a13a1f
      size: 15955
    - path: results/ofen_g_koks/data_description/timeseries_train.pdf
      hash: md5
      md5: 2f70453dfc11ca54032e6bacaf9ecb56
      size: 201269
    - path: results/ofen_g_koks/data_description/timeseries_val.pdf
      hash: md5
      md5: abc154e96547a2ebcc5bf737ab598d72
      size: 102981
  describe@2:
    cmd: "python scripts/describe_data.py --processed-dir data/processed/ofen_f_koks
      --target-name ofen_f_koks --data-format feather --log-level info --log-file
      logs/pipeline.log\n"
    deps:
    - path: data/processed/ofen_f_koks/
      hash: md5
      md5: 0743791096c32c3f9441e542288d72e8.dir
      size: 20612028
      nfiles: 6
    - path: scripts/describe_data.py
      hash: md5
      md5: 861e4eabbae9992e4a391498cea612b2
      size: 8375
    - path: src/dcp_nf_forecast/
      hash: md5
      md5: dc038636e9897da79633b1030444b3d5.dir
      size: 36235
      nfiles: 8
    params:
      params.yaml:
        data.data_format: feather
        log_file: logs/pipeline.log
        log_level: info
        paths.data_processed: data/processed
        targets:
        - name: dla
          y_column: dla_stromverbrauch_kwh
          prediction_horizon: 12
          lag_columns: dla_stromverbrauch_kwh:96
          eval_model: bernstein_nf
        - name: ofen_g_koks
          y_column: ofen_g_koks_kg
          prediction_horizon: 12
          lag_columns: ofen_g_koks_kg:96
          eval_model: bernstein_nf
        - name: ofen_f_koks
          y_column: ofen_f_koks_kg
          prediction_horizon: 12
          lag_columns: ofen_f_koks_kg:96
          eval_model: bernstein_nf
        - name: pl2
          y_column: pl2_stromverbrauch_kwh
          prediction_horizon: 12
          lag_columns: pl2_stromverbrauch_kwh:96
          eval_model: bernstein_nf
    outs:
    - path: results/ofen_f_koks/data_description/correlation_train.pdf
      hash: md5
      md5: b906e928787e128040dade1d6dd15eb8
      size: 28970
    - path: results/ofen_f_koks/data_description/correlation_val.pdf
      hash: md5
      md5: 30ff5dbfc8fa3214d1b598730273a2df
      size: 29865
    - path: results/ofen_f_koks/data_description/histograms_train.pdf
      hash: md5
      md5: bbfdc9745e0dfc1de47a7f7c1ba18bea
      size: 34725
    - path: results/ofen_f_koks/data_description/histograms_val.pdf
      hash: md5
      md5: 8664224841a69f058c9a0d6117b4b366
      size: 38648
    - path: results/ofen_f_koks/data_description/statistics_train.yaml
      hash: md5
      md5: 180fda5809013f15b45413a6e6d309e6
      size: 15421
    - path: results/ofen_f_koks/data_description/statistics_val.yaml
      hash: md5
      md5: 16e7a2772df3167fddee8e0ead31f3aa
      size: 16495
    - path: results/ofen_f_koks/data_description/timeseries_train.pdf
      hash: md5
      md5: c7265956360cf5e005ceccfb1a4528ad
      size: 186597
    - path: results/ofen_f_koks/data_description/timeseries_val.pdf
      hash: md5
      md5: eda1d96a70bfbf9a05b14bb4dae41441
      size: 99878
  describe@3:
    cmd: "python scripts/describe_data.py --processed-dir data/processed/pl2 --target-name
      pl2 --data-format feather --log-level info --log-file logs/pipeline.log\n"
    deps:
    - path: data/processed/pl2/
      hash: md5
      md5: b0c7f7a7748f15538109c9793ecbb15a.dir
      size: 25567508
      nfiles: 6
    - path: scripts/describe_data.py
      hash: md5
      md5: 861e4eabbae9992e4a391498cea612b2
      size: 8375
    - path: src/dcp_nf_forecast/
      hash: md5
      md5: dc038636e9897da79633b1030444b3d5.dir
      size: 36235
      nfiles: 8
    params:
      params.yaml:
        data.data_format: feather
        log_file: logs/pipeline.log
        log_level: info
        paths.data_processed: data/processed
        targets:
        - name: dla
          y_column: dla_stromverbrauch_kwh
          prediction_horizon: 12
          lag_columns: dla_stromverbrauch_kwh:96
          eval_model: bernstein_nf
        - name: ofen_g_koks
          y_column: ofen_g_koks_kg
          prediction_horizon: 12
          lag_columns: ofen_g_koks_kg:96
          eval_model: bernstein_nf
        - name: ofen_f_koks
          y_column: ofen_f_koks_kg
          prediction_horizon: 12
          lag_columns: ofen_f_koks_kg:96
          eval_model: bernstein_nf
        - name: pl2
          y_column: pl2_stromverbrauch_kwh
          prediction_horizon: 12
          lag_columns: pl2_stromverbrauch_kwh:96
          eval_model: bernstein_nf
    outs:
    - path: results/pl2/data_description/correlation_train.pdf
      hash: md5
      md5: b528022f56e152582628022fb84c2fce
      size: 28781
    - path: results/pl2/data_description/correlation_val.pdf
      hash: md5
      md5: 75444c81c35ef216c760abdc5865385f
      size: 29515
    - path: results/pl2/data_description/histograms_train.pdf
      hash: md5
      md5: a700caaf8a69402494c8b120db864fb8
      size: 33736
    - path: results/pl2/data_description/histograms_val.pdf
      hash: md5
      md5: ef5148c0fd96bb03bf932cc2be955fd0
      size: 41516
    - path: results/pl2/data_description/statistics_train.yaml
      hash: md5
      md5: c05f1fef1f4d4cc5e1fb73fa33a8a817
      size: 15399
    - path: results/pl2/data_description/statistics_val.yaml
      hash: md5
      md5: 106613034748e78427c47a8d2acb1537
      size: 16514
    - path: results/pl2/data_description/timeseries_train.pdf
      hash: md5
      md5: b5db05d279436a4f8de890c55463ebc4
      size: 220553
    - path: results/pl2/data_description/timeseries_val.pdf
      hash: md5
      md5: 5e6d6b6e621319e4a3d606cc98512cab
      size: 82568
